PODS:
  - AFNetworking (2.5.2):
    - AFNetworking/NSURLConnection (= 2.5.2)
    - AFNetworking/NSURLSession (= 2.5.2)
    - AFNetworking/Reachability (= 2.5.2)
    - AFNetworking/Security (= 2.5.2)
    - AFNetworking/Serialization (= 2.5.2)
    - AFNetworking/UIKit (= 2.5.2)
  - AFNetworking/NSURLConnection (2.5.2):
    - AFNetworking/Reachability
    - AFNetworking/Security
    - AFNetworking/Serialization
  - AFNetworking/NSURLSession (2.5.2):
    - AFNetworking/Reachability
    - AFNetworking/Security
    - AFNetworking/Serialization
  - AFNetworking/Reachability (2.5.2)
  - AFNetworking/Security (2.5.2)
  - AFNetworking/Serialization (2.5.2)
  - AFNetworking/UIKit (2.5.2):
    - AFNetworking/NSURLConnection
    - AFNetworking/NSURLSession
  - ContentfulDeliveryAPI (1.6.1):
    - AFNetworking (>= 2.5.2)
    - ISO8601DateFormatter
  - ISO8601DateFormatter (0.7)
  - JTSImageViewController (1.4)
  - VCTransitionsLibrary (1.5.0)

DEPENDENCIES:
  - ContentfulDeliveryAPI
  - JTSImageViewController
  - VCTransitionsLibrary

SPEC CHECKSUMS:
  AFNetworking: fefbce9660acb17f48ae0011292d4da0f457bf36
  ContentfulDeliveryAPI: a4d72f88b97e6f7b009875fcf55e11831eb55c5d
  ISO8601DateFormatter: ab926648eebe497f4d167c0fd083992f959f1274
  JTSImageViewController: 6a367b144e257db02cdfacdba78d684377d3777b
  VCTransitionsLibrary: d61fd9b7b6721942f0d583bcc0e7f8c31ec9271b

COCOAPODS: 0.36.4
