// !$*UTF8*$!
{
	archiveVersion = 1;
	classes = {
	};
	objectVersion = 46;
	objects = {

/* Begin PBXBuildFile section */
		A16DED7E1A31D63B007F09E8 /* MapKit.framework in Frameworks */ = {isa = PBXBuildFile; fileRef = A16DED7D1A31D63B007F09E8 /* MapKit.framework */; };
		A171BC8C1A24AF4D0078E938 /* ImageInterfaceController.swift in Sources */ = {isa = PBXBuildFile; fileRef = A171BC8A1A24AED50078E938 /* ImageInterfaceController.swift */; };
		A171BC8D1A24AF530078E938 /* MapInterfaceController.swift in Sources */ = {isa = PBXBuildFile; fileRef = A171BC881A24AE2D0078E938 /* MapInterfaceController.swift */; };
		A171BC901A24B1120078E938 /* BaseInterfaceController.swift in Sources */ = {isa = PBXBuildFile; fileRef = A171BC8E1A24B0F00078E938 /* BaseInterfaceController.swift */; };
		A1992C5B1A1CA1F6005A48B8 /* AppDelegate.swift in Sources */ = {isa = PBXBuildFile; fileRef = A1992C5A1A1CA1F6005A48B8 /* AppDelegate.swift */; };
		A1992C5D1A1CA1F6005A48B8 /* ViewController.swift in Sources */ = {isa = PBXBuildFile; fileRef = A1992C5C1A1CA1F6005A48B8 /* ViewController.swift */; };
		A1992C601A1CA1F6005A48B8 /* Main.storyboard in Resources */ = {isa = PBXBuildFile; fileRef = A1992C5E1A1CA1F6005A48B8 /* Main.storyboard */; };
		A1992C621A1CA1F6005A48B8 /* Images.xcassets in Resources */ = {isa = PBXBuildFile; fileRef = A1992C611A1CA1F6005A48B8 /* Images.xcassets */; };
		A1992C651A1CA1F6005A48B8 /* LaunchScreen.xib in Resources */ = {isa = PBXBuildFile; fileRef = A1992C631A1CA1F6005A48B8 /* LaunchScreen.xib */; };
		A1992C811A1CA20F005A48B8 /* WatchKit.framework in Frameworks */ = {isa = PBXBuildFile; fileRef = A1992C801A1CA20F005A48B8 /* WatchKit.framework */; };
		A1992C861A1CA20F005A48B8 /* InterfaceController.swift in Sources */ = {isa = PBXBuildFile; fileRef = A1992C851A1CA20F005A48B8 /* InterfaceController.swift */; };
		A1992C881A1CA20F005A48B8 /* Images.xcassets in Resources */ = {isa = PBXBuildFile; fileRef = A1992C871A1CA20F005A48B8 /* Images.xcassets */; };
		A1992C8C1A1CA20F005A48B8 /* WatchKitExample Watch App.app in Resources */ = {isa = PBXBuildFile; fileRef = A1992C8B1A1CA20F005A48B8 /* WatchKitExample Watch App.app */; };
		A1992C931A1CA20F005A48B8 /* Interface.storyboard in Resources */ = {isa = PBXBuildFile; fileRef = A1992C921A1CA20F005A48B8 /* Interface.storyboard */; };
		A1992C951A1CA20F005A48B8 /* Images.xcassets in Resources */ = {isa = PBXBuildFile; fileRef = A1992C941A1CA20F005A48B8 /* Images.xcassets */; };
		A1992C981A1CA20F005A48B8 /* WatchKitExample WatchKit Extension.appex in Embed App Extensions */ = {isa = PBXBuildFile; fileRef = A1992C7E1A1CA20F005A48B8 /* WatchKitExample WatchKit Extension.appex */; settings = {ATTRIBUTES = (RemoveHeadersOnCopy, ); }; };
		A1CA0B0B1A1CE70600451409 /* DetailInterfaceController.swift in Sources */ = {isa = PBXBuildFile; fileRef = A1CA0B091A1CE6FE00451409 /* DetailInterfaceController.swift */; };
		A1DCEFFA1A1CC9FC003FCAA7 /* NewsTableRowController.swift in Sources */ = {isa = PBXBuildFile; fileRef = A1DCEFF81A1CC90E003FCAA7 /* NewsTableRowController.swift */; };
		D245F3A01D42786A986E9C4A /* libPods-WatchKitExample WatchKit Extension.a in Frameworks */ = {isa = PBXBuildFile; fileRef = F02DD82A59598445A1FBF192 /* libPods-WatchKitExample WatchKit Extension.a */; };
/* End PBXBuildFile section */

/* Begin PBXContainerItemProxy section */
		A1992C8D1A1CA20F005A48B8 /* PBXContainerItemProxy */ = {
			isa = PBXContainerItemProxy;
			containerPortal = A1992C4D1A1CA1F6005A48B8 /* Project object */;
			proxyType = 1;
			remoteGlobalIDString = A1992C8A1A1CA20F005A48B8;
			remoteInfo = "WatchKitExample Watch App";
		};
		A1992C961A1CA20F005A48B8 /* PBXContainerItemProxy */ = {
			isa = PBXContainerItemProxy;
			containerPortal = A1992C4D1A1CA1F6005A48B8 /* Project object */;
			proxyType = 1;
			remoteGlobalIDString = A1992C7D1A1CA20F005A48B8;
			remoteInfo = "WatchKitExample WatchKit Extension";
		};
/* End PBXContainerItemProxy section */

/* Begin PBXCopyFilesBuildPhase section */
		A1992C9F1A1CA20F005A48B8 /* Embed App Extensions */ = {
			isa = PBXCopyFilesBuildPhase;
			buildActionMask = 2147483647;
			dstPath = "";
			dstSubfolderSpec = 13;
			files = (
				A1992C981A1CA20F005A48B8 /* WatchKitExample WatchKit Extension.appex in Embed App Extensions */,
			);
			name = "Embed App Extensions";
			runOnlyForDeploymentPostprocessing = 0;
		};
/* End PBXCopyFilesBuildPhase section */

/* Begin PBXFileReference section */
		17263925E928AB8FC5D80922 /* Pods-WatchKitExample WatchKit Extension.debug.xcconfig */ = {isa = PBXFileReference; includeInIndex = 1; lastKnownFileType = text.xcconfig; name = "Pods-WatchKitExample WatchKit Extension.debug.xcconfig"; path = "Pods/Target Support Files/Pods-WatchKitExample WatchKit Extension/Pods-WatchKitExample WatchKit Extension.debug.xcconfig"; sourceTree = "<group>"; };
		419CD544A8700BC4196F241F /* Pods-WatchKitExample WatchKit Extension.release.xcconfig */ = {isa = PBXFileReference; includeInIndex = 1; lastKnownFileType = text.xcconfig; name = "Pods-WatchKitExample WatchKit Extension.release.xcconfig"; path = "Pods/Target Support Files/Pods-WatchKitExample WatchKit Extension/Pods-WatchKitExample WatchKit Extension.release.xcconfig"; sourceTree = "<group>"; };
		A16DED7D1A31D63B007F09E8 /* MapKit.framework */ = {isa = PBXFileReference; lastKnownFileType = wrapper.framework; name = MapKit.framework; path = System/Library/Frameworks/MapKit.framework; sourceTree = SDKROOT; };
		A171BC881A24AE2D0078E938 /* MapInterfaceController.swift */ = {isa = PBXFileReference; fileEncoding = 4; lastKnownFileType = sourcecode.swift; path = MapInterfaceController.swift; sourceTree = "<group>"; };
		A171BC8A1A24AED50078E938 /* ImageInterfaceController.swift */ = {isa = PBXFileReference; fileEncoding = 4; lastKnownFileType = sourcecode.swift; path = ImageInterfaceController.swift; sourceTree = "<group>"; };
		A171BC8E1A24B0F00078E938 /* BaseInterfaceController.swift */ = {isa = PBXFileReference; fileEncoding = 4; lastKnownFileType = sourcecode.swift; path = BaseInterfaceController.swift; sourceTree = "<group>"; };
		A179EA8A1A31C97F001155AE /* WatchKitExample.entitlements */ = {isa = PBXFileReference; lastKnownFileType = text.xml; path = WatchKitExample.entitlements; sourceTree = "<group>"; };
		A179EA8B1A31C993001155AE /* WatchKitExample WatchKit Extension.entitlements */ = {isa = PBXFileReference; lastKnownFileType = text.xml; path = "WatchKitExample WatchKit Extension.entitlements"; sourceTree = "<group>"; };
		A1992C551A1CA1F6005A48B8 /* WatchKitExample.app */ = {isa = PBXFileReference; explicitFileType = wrapper.application; includeInIndex = 0; path = WatchKitExample.app; sourceTree = BUILT_PRODUCTS_DIR; };
		A1992C591A1CA1F6005A48B8 /* Info.plist */ = {isa = PBXFileReference; lastKnownFileType = text.plist.xml; path = Info.plist; sourceTree = "<group>"; };
		A1992C5A1A1CA1F6005A48B8 /* AppDelegate.swift */ = {isa = PBXFileReference; lastKnownFileType = sourcecode.swift; path = AppDelegate.swift; sourceTree = "<group>"; };
		A1992C5C1A1CA1F6005A48B8 /* ViewController.swift */ = {isa = PBXFileReference; lastKnownFileType = sourcecode.swift; path = ViewController.swift; sourceTree = "<group>"; };
		A1992C5F1A1CA1F6005A48B8 /* Base */ = {isa = PBXFileReference; lastKnownFileType = file.storyboard; name = Base; path = Base.lproj/Main.storyboard; sourceTree = "<group>"; };
		A1992C611A1CA1F6005A48B8 /* Images.xcassets */ = {isa = PBXFileReference; lastKnownFileType = folder.assetcatalog; path = Images.xcassets; sourceTree = "<group>"; };
		A1992C641A1CA1F6005A48B8 /* Base */ = {isa = PBXFileReference; lastKnownFileType = file.xib; name = Base; path = Base.lproj/LaunchScreen.xib; sourceTree = "<group>"; };
		A1992C7E1A1CA20F005A48B8 /* WatchKitExample WatchKit Extension.appex */ = {isa = PBXFileReference; explicitFileType = "wrapper.app-extension"; includeInIndex = 0; path = "WatchKitExample WatchKit Extension.appex"; sourceTree = BUILT_PRODUCTS_DIR; };
		A1992C801A1CA20F005A48B8 /* WatchKit.framework */ = {isa = PBXFileReference; lastKnownFileType = wrapper.framework; name = WatchKit.framework; path = System/Library/Frameworks/WatchKit.framework; sourceTree = SDKROOT; };
		A1992C841A1CA20F005A48B8 /* Info.plist */ = {isa = PBXFileReference; lastKnownFileType = text.plist.xml; path = Info.plist; sourceTree = "<group>"; };
		A1992C851A1CA20F005A48B8 /* InterfaceController.swift */ = {isa = PBXFileReference; lastKnownFileType = sourcecode.swift; path = InterfaceController.swift; sourceTree = "<group>"; };
		A1992C871A1CA20F005A48B8 /* Images.xcassets */ = {isa = PBXFileReference; lastKnownFileType = folder.assetcatalog; path = Images.xcassets; sourceTree = "<group>"; };
		A1992C8B1A1CA20F005A48B8 /* WatchKitExample Watch App.app */ = {isa = PBXFileReference; explicitFileType = wrapper.application; includeInIndex = 0; path = "WatchKitExample Watch App.app"; sourceTree = BUILT_PRODUCTS_DIR; };
		A1992C911A1CA20F005A48B8 /* Info.plist */ = {isa = PBXFileReference; lastKnownFileType = text.plist.xml; path = Info.plist; sourceTree = "<group>"; };
		A1992C921A1CA20F005A48B8 /* Interface.storyboard */ = {isa = PBXFileReference; lastKnownFileType = file.storyboard; path = Interface.storyboard; sourceTree = "<group>"; };
		A1992C941A1CA20F005A48B8 /* Images.xcassets */ = {isa = PBXFileReference; lastKnownFileType = folder.assetcatalog; path = Images.xcassets; sourceTree = "<group>"; };
		A1CA0B091A1CE6FE00451409 /* DetailInterfaceController.swift */ = {isa = PBXFileReference; fileEncoding = 4; lastKnownFileType = sourcecode.swift; path = DetailInterfaceController.swift; sourceTree = "<group>"; };
		A1DCEFF81A1CC90E003FCAA7 /* NewsTableRowController.swift */ = {isa = PBXFileReference; fileEncoding = 4; lastKnownFileType = sourcecode.swift; path = NewsTableRowController.swift; sourceTree = "<group>"; };
		A1DCEFFB1A1CCADF003FCAA7 /* BridgingHeader.h */ = {isa = PBXFileReference; lastKnownFileType = sourcecode.c.h; path = BridgingHeader.h; sourceTree = "<group>"; };
		F02DD82A59598445A1FBF192 /* libPods-WatchKitExample WatchKit Extension.a */ = {isa = PBXFileReference; explicitFileType = archive.ar; includeInIndex = 0; path = "libPods-WatchKitExample WatchKit Extension.a"; sourceTree = BUILT_PRODUCTS_DIR; };
/* End PBXFileReference section */

/* Begin PBXFrameworksBuildPhase section */
		186DAE4B4204824746A99DE9 /* Frameworks */ = {
			isa = PBXFrameworksBuildPhase;
			buildActionMask = 2147483647;
			files = (
			);
			runOnlyForDeploymentPostprocessing = 0;
		};
		A1992C521A1CA1F6005A48B8 /* Frameworks */ = {
			isa = PBXFrameworksBuildPhase;
			buildActionMask = 2147483647;
			files = (
				A16DED7E1A31D63B007F09E8 /* MapKit.framework in Frameworks */,
			);
			runOnlyForDeploymentPostprocessing = 0;
		};
		A1992C7B1A1CA20F005A48B8 /* Frameworks */ = {
			isa = PBXFrameworksBuildPhase;
			buildActionMask = 2147483647;
			files = (
				A1992C811A1CA20F005A48B8 /* WatchKit.framework in Frameworks */,
				D245F3A01D42786A986E9C4A /* libPods-WatchKitExample WatchKit Extension.a in Frameworks */,
			);
			runOnlyForDeploymentPostprocessing = 0;
		};
/* End PBXFrameworksBuildPhase section */

/* Begin PBXGroup section */
		5285D53C113247E016292B57 /* Pods */ = {
			isa = PBXGroup;
			children = (
				17263925E928AB8FC5D80922 /* Pods-WatchKitExample WatchKit Extension.debug.xcconfig */,
				419CD544A8700BC4196F241F /* Pods-WatchKitExample WatchKit Extension.release.xcconfig */,
			);
			name = Pods;
			sourceTree = "<group>";
		};
		A1992C4C1A1CA1F6005A48B8 = {
			isa = PBXGroup;
			children = (
				A1992C571A1CA1F6005A48B8 /* Main App */,
				A1992C7F1A1CA20F005A48B8 /* Frameworks */,
				5285D53C113247E016292B57 /* Pods */,
				A1992C561A1CA1F6005A48B8 /* Products */,
				A1992C8F1A1CA20F005A48B8 /* Watch App */,
				A1992C821A1CA20F005A48B8 /* WatchKit Extension */,
			);
			sourceTree = "<group>";
		};
		A1992C561A1CA1F6005A48B8 /* Products */ = {
			isa = PBXGroup;
			children = (
				A1992C551A1CA1F6005A48B8 /* WatchKitExample.app */,
				A1992C7E1A1CA20F005A48B8 /* WatchKitExample WatchKit Extension.appex */,
				A1992C8B1A1CA20F005A48B8 /* WatchKitExample Watch App.app */,
			);
			name = Products;
			sourceTree = "<group>";
		};
		A1992C571A1CA1F6005A48B8 /* Main App */ = {
			isa = PBXGroup;
			children = (
				A1992C5A1A1CA1F6005A48B8 /* AppDelegate.swift */,
				A1992C611A1CA1F6005A48B8 /* Images.xcassets */,
				A1992C591A1CA1F6005A48B8 /* Info.plist */,
				A1992C631A1CA1F6005A48B8 /* LaunchScreen.xib */,
				A1992C5E1A1CA1F6005A48B8 /* Main.storyboard */,
				A1992C5C1A1CA1F6005A48B8 /* ViewController.swift */,
				A179EA8A1A31C97F001155AE /* WatchKitExample.entitlements */,
			);
			path = "Main App";
			sourceTree = "<group>";
		};
		A1992C7F1A1CA20F005A48B8 /* Frameworks */ = {
			isa = PBXGroup;
			children = (
				A16DED7D1A31D63B007F09E8 /* MapKit.framework */,
				A1992C801A1CA20F005A48B8 /* WatchKit.framework */,
				F02DD82A59598445A1FBF192 /* libPods-WatchKitExample WatchKit Extension.a */,
			);
			name = Frameworks;
			sourceTree = "<group>";
		};
		A1992C821A1CA20F005A48B8 /* WatchKit Extension */ = {
			isa = PBXGroup;
			children = (
				A171BC8E1A24B0F00078E938 /* BaseInterfaceController.swift */,
				A1DCEFFB1A1CCADF003FCAA7 /* BridgingHeader.h */,
				A1CA0B091A1CE6FE00451409 /* DetailInterfaceController.swift */,
				A1992C871A1CA20F005A48B8 /* Images.xcassets */,
				A171BC8A1A24AED50078E938 /* ImageInterfaceController.swift */,
				A1992C841A1CA20F005A48B8 /* Info.plist */,
				A1992C851A1CA20F005A48B8 /* InterfaceController.swift */,
				A171BC881A24AE2D0078E938 /* MapInterfaceController.swift */,
				A1DCEFF81A1CC90E003FCAA7 /* NewsTableRowController.swift */,
				A179EA8B1A31C993001155AE /* WatchKitExample WatchKit Extension.entitlements */,
			);
			path = "WatchKit Extension";
			sourceTree = "<group>";
		};
		A1992C8F1A1CA20F005A48B8 /* Watch App */ = {
			isa = PBXGroup;
			children = (
				A1992C941A1CA20F005A48B8 /* Images.xcassets */,
				A1992C911A1CA20F005A48B8 /* Info.plist */,
				A1992C921A1CA20F005A48B8 /* Interface.storyboard */,
			);
			path = "Watch App";
			sourceTree = "<group>";
		};
/* End PBXGroup section */

/* Begin PBXNativeTarget section */
		A1992C541A1CA1F6005A48B8 /* WatchKitExample */ = {
			isa = PBXNativeTarget;
			buildConfigurationList = A1992C741A1CA1F6005A48B8 /* Build configuration list for PBXNativeTarget "WatchKitExample" */;
			buildPhases = (
				A1992C511A1CA1F6005A48B8 /* Sources */,
				A1992C521A1CA1F6005A48B8 /* Frameworks */,
				A1992C531A1CA1F6005A48B8 /* Resources */,
				A1992C9F1A1CA20F005A48B8 /* Embed App Extensions */,
			);
			buildRules = (
			);
			dependencies = (
				A1992C971A1CA20F005A48B8 /* PBXTargetDependency */,
			);
			name = WatchKitExample;
			productName = WatchKitExample;
			productReference = A1992C551A1CA1F6005A48B8 /* WatchKitExample.app */;
			productType = "com.apple.product-type.application";
		};
		A1992C7D1A1CA20F005A48B8 /* WatchKitExample WatchKit Extension */ = {
			isa = PBXNativeTarget;
			buildConfigurationList = A1992C9C1A1CA20F005A48B8 /* Build configuration list for PBXNativeTarget "WatchKitExample WatchKit Extension" */;
			buildPhases = (
				516619165BA4E455CC6C7B23 /* Check Pods Manifest.lock */,
				A1992C7A1A1CA20F005A48B8 /* Sources */,
				A1992C7B1A1CA20F005A48B8 /* Frameworks */,
				A1992C7C1A1CA20F005A48B8 /* Resources */,
				EADA10A0F53FDF82E47899A9 /* Copy Pods Resources */,
			);
			buildRules = (
			);
			dependencies = (
				A1992C8E1A1CA20F005A48B8 /* PBXTargetDependency */,
			);
			name = "WatchKitExample WatchKit Extension";
			productName = "WatchKitExample WatchKit Extension";
			productReference = A1992C7E1A1CA20F005A48B8 /* WatchKitExample WatchKit Extension.appex */;
			productType = "com.apple.product-type.watchkit-extension";
		};
		A1992C8A1A1CA20F005A48B8 /* WatchKitExample Watch App */ = {
			isa = PBXNativeTarget;
			buildConfigurationList = A1992C991A1CA20F005A48B8 /* Build configuration list for PBXNativeTarget "WatchKitExample Watch App" */;
			buildPhases = (
				A1992C891A1CA20F005A48B8 /* Resources */,
				186DAE4B4204824746A99DE9 /* Frameworks */,
			);
			buildRules = (
			);
			dependencies = (
			);
			name = "WatchKitExample Watch App";
			productName = "WatchKitExample Watch App";
			productReference = A1992C8B1A1CA20F005A48B8 /* WatchKitExample Watch App.app */;
			productType = "com.apple.product-type.application.watchapp";
		};
/* End PBXNativeTarget section */

/* Begin PBXProject section */
		A1992C4D1A1CA1F6005A48B8 /* Project object */ = {
			isa = PBXProject;
			attributes = {
				LastUpgradeCheck = 0620;
				ORGANIZATIONNAME = "Contentful GmbH";
				TargetAttributes = {
					A1992C541A1CA1F6005A48B8 = {
						CreatedOnToolsVersion = 6.2;
						DevelopmentTeam = RWJ5E97L7R;
						SystemCapabilities = {
							com.apple.ApplicationGroups.iOS = {
								enabled = 1;
							};
						};
					};
					A1992C7D1A1CA20F005A48B8 = {
						CreatedOnToolsVersion = 6.2;
						DevelopmentTeam = RWJ5E97L7R;
						SystemCapabilities = {
							com.apple.ApplicationGroups.iOS = {
								enabled = 1;
							};
						};
					};
					A1992C8A1A1CA20F005A48B8 = {
						CreatedOnToolsVersion = 6.2;
					};
				};
			};
			buildConfigurationList = A1992C501A1CA1F6005A48B8 /* Build configuration list for PBXProject "WatchKitExample" */;
			compatibilityVersion = "Xcode 3.2";
			developmentRegion = English;
			hasScannedForEncodings = 0;
			knownRegions = (
				en,
				Base,
			);
			mainGroup = A1992C4C1A1CA1F6005A48B8;
			productRefGroup = A1992C561A1CA1F6005A48B8 /* Products */;
			projectDirPath = "";
			projectRoot = "";
			targets = (
				A1992C541A1CA1F6005A48B8 /* WatchKitExample */,
				A1992C7D1A1CA20F005A48B8 /* WatchKitExample WatchKit Extension */,
				A1992C8A1A1CA20F005A48B8 /* WatchKitExample Watch App */,
			);
		};
/* End PBXProject section */

/* Begin PBXResourcesBuildPhase section */
		A1992C531A1CA1F6005A48B8 /* Resources */ = {
			isa = PBXResourcesBuildPhase;
			buildActionMask = 2147483647;
			files = (
				A1992C601A1CA1F6005A48B8 /* Main.storyboard in Resources */,
				A1992C651A1CA1F6005A48B8 /* LaunchScreen.xib in Resources */,
				A1992C621A1CA1F6005A48B8 /* Images.xcassets in Resources */,
			);
			runOnlyForDeploymentPostprocessing = 0;
		};
		A1992C7C1A1CA20F005A48B8 /* Resources */ = {
			isa = PBXResourcesBuildPhase;
			buildActionMask = 2147483647;
			files = (
				A1992C881A1CA20F005A48B8 /* Images.xcassets in Resources */,
				A1992C8C1A1CA20F005A48B8 /* WatchKitExample Watch App.app in Resources */,
			);
			runOnlyForDeploymentPostprocessing = 0;
		};
		A1992C891A1CA20F005A48B8 /* Resources */ = {
			isa = PBXResourcesBuildPhase;
			buildActionMask = 2147483647;
			files = (
				A1992C931A1CA20F005A48B8 /* Interface.storyboard in Resources */,
				A1992C951A1CA20F005A48B8 /* Images.xcassets in Resources */,
			);
			runOnlyForDeploymentPostprocessing = 0;
		};
/* End PBXResourcesBuildPhase section */

/* Begin PBXShellScriptBuildPhase section */
		516619165BA4E455CC6C7B23 /* Check Pods Manifest.lock */ = {
			isa = PBXShellScriptBuildPhase;
			buildActionMask = 2147483647;
			files = (
			);
			inputPaths = (
			);
			name = "Check Pods Manifest.lock";
			outputPaths = (
			);
			runOnlyForDeploymentPostprocessing = 0;
			shellPath = /bin/sh;
			shellScript = "diff \"${PODS_ROOT}/../Podfile.lock\" \"${PODS_ROOT}/Manifest.lock\" > /dev/null\nif [[ $? != 0 ]] ; then\n    cat << EOM\nerror: The sandbox is not in sync with the Podfile.lock. Run 'pod install' or update your CocoaPods installation.\nEOM\n    exit 1\nfi\n";
			showEnvVarsInLog = 0;
		};
		EADA10A0F53FDF82E47899A9 /* Copy Pods Resources */ = {
			isa = PBXShellScriptBuildPhase;
			buildActionMask = 2147483647;
			files = (
			);
			inputPaths = (
			);
			name = "Copy Pods Resources";
			outputPaths = (
			);
			runOnlyForDeploymentPostprocessing = 0;
			shellPath = /bin/sh;
			shellScript = "\"${SRCROOT}/Pods/Target Support Files/Pods-WatchKitExample WatchKit Extension/Pods-WatchKitExample WatchKit Extension-resources.sh\"\n";
			showEnvVarsInLog = 0;
		};
/* End PBXShellScriptBuildPhase section */

/* Begin PBXSourcesBuildPhase section */
		A1992C511A1CA1F6005A48B8 /* Sources */ = {
			isa = PBXSourcesBuildPhase;
			buildActionMask = 2147483647;
			files = (
				A1992C5D1A1CA1F6005A48B8 /* ViewController.swift in Sources */,
				A1992C5B1A1CA1F6005A48B8 /* AppDelegate.swift in Sources */,
			);
			runOnlyForDeploymentPostprocessing = 0;
		};
		A1992C7A1A1CA20F005A48B8 /* Sources */ = {
			isa = PBXSourcesBuildPhase;
			buildActionMask = 2147483647;
			files = (
				A1CA0B0B1A1CE70600451409 /* DetailInterfaceController.swift in Sources */,
				A171BC8D1A24AF530078E938 /* MapInterfaceController.swift in Sources */,
				A171BC8C1A24AF4D0078E938 /* ImageInterfaceController.swift in Sources */,
				A1DCEFFA1A1CC9FC003FCAA7 /* NewsTableRowController.swift in Sources */,
				A171BC901A24B1120078E938 /* BaseInterfaceController.swift in Sources */,
				A1992C861A1CA20F005A48B8 /* InterfaceController.swift in Sources */,
			);
			runOnlyForDeploymentPostprocessing = 0;
		};
/* End PBXSourcesBuildPhase section */

/* Begin PBXTargetDependency section */
		A1992C8E1A1CA20F005A48B8 /* PBXTargetDependency */ = {
			isa = PBXTargetDependency;
			target = A1992C8A1A1CA20F005A48B8 /* WatchKitExample Watch App */;
			targetProxy = A1992C8D1A1CA20F005A48B8 /* PBXContainerItemProxy */;
		};
		A1992C971A1CA20F005A48B8 /* PBXTargetDependency */ = {
			isa = PBXTargetDependency;
			target = A1992C7D1A1CA20F005A48B8 /* WatchKitExample WatchKit Extension */;
			targetProxy = A1992C961A1CA20F005A48B8 /* PBXContainerItemProxy */;
		};
/* End PBXTargetDependency section */

/* Begin PBXVariantGroup section */
		A1992C5E1A1CA1F6005A48B8 /* Main.storyboard */ = {
			isa = PBXVariantGroup;
			children = (
				A1992C5F1A1CA1F6005A48B8 /* Base */,
			);
			name = Main.storyboard;
			sourceTree = "<group>";
		};
		A1992C631A1CA1F6005A48B8 /* LaunchScreen.xib */ = {
			isa = PBXVariantGroup;
			children = (
				A1992C641A1CA1F6005A48B8 /* Base */,
			);
			name = LaunchScreen.xib;
			sourceTree = "<group>";
		};
/* End PBXVariantGroup section */

/* Begin XCBuildConfiguration section */
		A1992C721A1CA1F6005A48B8 /* Debug */ = {
			isa = XCBuildConfiguration;
			buildSettings = {
				ALWAYS_SEARCH_USER_PATHS = NO;
				CLANG_CXX_LANGUAGE_STANDARD = "gnu++0x";
				CLANG_CXX_LIBRARY = "libc++";
				CLANG_ENABLE_MODULES = YES;
				CLANG_ENABLE_OBJC_ARC = YES;
				CLANG_WARN_BOOL_CONVERSION = YES;
				CLANG_WARN_CONSTANT_CONVERSION = YES;
				CLANG_WARN_DIRECT_OBJC_ISA_USAGE = YES_ERROR;
				CLANG_WARN_EMPTY_BODY = YES;
				CLANG_WARN_ENUM_CONVERSION = YES;
				CLANG_WARN_INT_CONVERSION = YES;
				CLANG_WARN_OBJC_ROOT_CLASS = YES_ERROR;
				CLANG_WARN_UNREACHABLE_CODE = YES;
				CLANG_WARN__DUPLICATE_METHOD_MATCH = YES;
				"CODE_SIGN_IDENTITY[sdk=iphoneos*]" = "iPhone Developer";
				COPY_PHASE_STRIP = NO;
				ENABLE_STRICT_OBJC_MSGSEND = YES;
				GCC_C_LANGUAGE_STANDARD = gnu99;
				GCC_DYNAMIC_NO_PIC = NO;
				GCC_OPTIMIZATION_LEVEL = 0;
				GCC_PREPROCESSOR_DEFINITIONS = (
					"DEBUG=1",
					"$(inherited)",
				);
				GCC_SYMBOLS_PRIVATE_EXTERN = NO;
				GCC_WARN_64_TO_32_BIT_CONVERSION = YES;
				GCC_WARN_ABOUT_RETURN_TYPE = YES_ERROR;
				GCC_WARN_UNDECLARED_SELECTOR = YES;
				GCC_WARN_UNINITIALIZED_AUTOS = YES_AGGRESSIVE;
				GCC_WARN_UNUSED_FUNCTION = YES;
				GCC_WARN_UNUSED_VARIABLE = YES;
				IPHONEOS_DEPLOYMENT_TARGET = 8.2;
				MTL_ENABLE_DEBUG_INFO = YES;
				ONLY_ACTIVE_ARCH = YES;
				SDKROOT = iphoneos;
				SWIFT_OPTIMIZATION_LEVEL = "-Onone";
			};
			name = Debug;
		};
		A1992C731A1CA1F6005A48B8 /* Release */ = {
			isa = XCBuildConfiguration;
			buildSettings = {
				ALWAYS_SEARCH_USER_PATHS = NO;
				CLANG_CXX_LANGUAGE_STANDARD = "gnu++0x";
				CLANG_CXX_LIBRARY = "libc++";
				CLANG_ENABLE_MODULES = YES;
				CLANG_ENABLE_OBJC_ARC = YES;
				CLANG_WARN_BOOL_CONVERSION = YES;
				CLANG_WARN_CONSTANT_CONVERSION = YES;
				CLANG_WARN_DIRECT_OBJC_ISA_USAGE = YES_ERROR;
				CLANG_WARN_EMPTY_BODY = YES;
				CLANG_WARN_ENUM_CONVERSION = YES;
				CLANG_WARN_INT_CONVERSION = YES;
				CLANG_WARN_OBJC_ROOT_CLASS = YES_ERROR;
				CLANG_WARN_UNREACHABLE_CODE = YES;
				CLANG_WARN__DUPLICATE_METHOD_MATCH = YES;
				"CODE_SIGN_IDENTITY[sdk=iphoneos*]" = "iPhone Developer";
				COPY_PHASE_STRIP = YES;
				ENABLE_NS_ASSERTIONS = NO;
				ENABLE_STRICT_OBJC_MSGSEND = YES;
				GCC_C_LANGUAGE_STANDARD = gnu99;
				GCC_WARN_64_TO_32_BIT_CONVERSION = YES;
				GCC_WARN_ABOUT_RETURN_TYPE = YES_ERROR;
				GCC_WARN_UNDECLARED_SELECTOR = YES;
				GCC_WARN_UNINITIALIZED_AUTOS = YES_AGGRESSIVE;
				GCC_WARN_UNUSED_FUNCTION = YES;
				GCC_WARN_UNUSED_VARIABLE = YES;
				IPHONEOS_DEPLOYMENT_TARGET = 8.2;
				MTL_ENABLE_DEBUG_INFO = NO;
				SDKROOT = iphoneos;
				VALIDATE_PRODUCT = YES;
			};
			name = Release;
		};
		A1992C751A1CA1F6005A48B8 /* Debug */ = {
			isa = XCBuildConfiguration;
			buildSettings = {
				ASSETCATALOG_COMPILER_APPICON_NAME = AppIcon;
				CODE_SIGN_ENTITLEMENTS = "Main App/WatchKitExample.entitlements";
				CODE_SIGN_IDENTITY = "iPhone Developer";
				"CODE_SIGN_IDENTITY[sdk=iphoneos*]" = "iPhone Developer";
				EMBEDDED_CONTENT_CONTAINS_SWIFT = YES;
				INFOPLIST_FILE = "Main App/Info.plist";
				LD_RUNPATH_SEARCH_PATHS = "$(inherited) @executable_path/Frameworks";
				PRODUCT_NAME = "$(TARGET_NAME)";
				PROVISIONING_PROFILE = "";
			};
			name = Debug;
		};
		A1992C761A1CA1F6005A48B8 /* Release */ = {
			isa = XCBuildConfiguration;
			buildSettings = {
				ASSETCATALOG_COMPILER_APPICON_NAME = AppIcon;
				CODE_SIGN_ENTITLEMENTS = "Main App/WatchKitExample.entitlements";
				CODE_SIGN_IDENTITY = "iPhone Developer";
				"CODE_SIGN_IDENTITY[sdk=iphoneos*]" = "iPhone Developer";
				EMBEDDED_CONTENT_CONTAINS_SWIFT = YES;
				INFOPLIST_FILE = "Main App/Info.plist";
				LD_RUNPATH_SEARCH_PATHS = "$(inherited) @executable_path/Frameworks";
				PRODUCT_NAME = "$(TARGET_NAME)";
				PROVISIONING_PROFILE = "";
			};
			name = Release;
		};
		A1992C9A1A1CA20F005A48B8 /* Debug */ = {
			isa = XCBuildConfiguration;
			buildSettings = {
				ASSETCATALOG_COMPILER_APPICON_NAME = AppIcon;
				ASSETCATALOG_COMPILER_LAUNCHIMAGE_NAME = LaunchImage;
				GCC_PREPROCESSOR_DEFINITIONS = (
					"DEBUG=1",
					"$(inherited)",
				);
				IBSC_MODULE = WatchKitExample_WatchKit_Extension;
				INFOPLIST_FILE = "Watch App/Info.plist";
				PRODUCT_NAME = "$(TARGET_NAME)";
				SKIP_INSTALL = YES;
				TARGETED_DEVICE_FAMILY = 4;
				"TARGETED_DEVICE_FAMILY[sdk=iphonesimulator*]" = "1,4";
			};
			name = Debug;
		};
		A1992C9B1A1CA20F005A48B8 /* Release */ = {
			isa = XCBuildConfiguration;
			buildSettings = {
				ASSETCATALOG_COMPILER_APPICON_NAME = AppIcon;
				ASSETCATALOG_COMPILER_LAUNCHIMAGE_NAME = LaunchImage;
				IBSC_MODULE = WatchKitExample_WatchKit_Extension;
				INFOPLIST_FILE = "Watch App/Info.plist";
				PRODUCT_NAME = "$(TARGET_NAME)";
				SKIP_INSTALL = YES;
				TARGETED_DEVICE_FAMILY = 4;
				"TARGETED_DEVICE_FAMILY[sdk=iphonesimulator*]" = "1,4";
			};
			name = Release;
		};
		A1992C9D1A1CA20F005A48B8 /* Debug */ = {
			isa = XCBuildConfiguration;
			baseConfigurationReference = 17263925E928AB8FC5D80922 /* Pods-WatchKitExample WatchKit Extension.debug.xcconfig */;
			buildSettings = {
				CODE_SIGN_ENTITLEMENTS = "WatchKit Extension/WatchKitExample WatchKit Extension.entitlements";
				CODE_SIGN_IDENTITY = "iPhone Developer";
				"CODE_SIGN_IDENTITY[sdk=iphoneos*]" = "iPhone Developer";
				GCC_PREPROCESSOR_DEFINITIONS = (
					"DEBUG=1",
					"$(inherited)",
				);
				INFOPLIST_FILE = "WatchKit Extension/Info.plist";
				LD_RUNPATH_SEARCH_PATHS = "$(inherited) @executable_path/Frameworks @executable_path/../../Frameworks";
				PRODUCT_NAME = "${TARGET_NAME}";
				PROVISIONING_PROFILE = "";
				SKIP_INSTALL = YES;
				SWIFT_OBJC_BRIDGING_HEADER = "WatchKit Extension/BridgingHeader.h";
			};
			name = Debug;
		};
		A1992C9E1A1CA20F005A48B8 /* Release */ = {
			isa = XCBuildConfiguration;
			baseConfigurationReference = 419CD544A8700BC4196F241F /* Pods-WatchKitExample WatchKit Extension.release.xcconfig */;
			buildSettings = {
				CODE_SIGN_ENTITLEMENTS = "WatchKit Extension/WatchKitExample WatchKit Extension.entitlements";
				CODE_SIGN_IDENTITY = "iPhone Developer";
				"CODE_SIGN_IDENTITY[sdk=iphoneos*]" = "iPhone Developer";
				INFOPLIST_FILE = "WatchKit Extension/Info.plist";
				LD_RUNPATH_SEARCH_PATHS = "$(inherited) @executable_path/Frameworks @executable_path/../../Frameworks";
				PRODUCT_NAME = "${TARGET_NAME}";
				PROVISIONING_PROFILE = "";
				SKIP_INSTALL = YES;
				SWIFT_OBJC_BRIDGING_HEADER = "WatchKit Extension/BridgingHeader.h";
			};
			name = Release;
		};
/* End XCBuildConfiguration section */

/* Begin XCConfigurationList section */
		A1992C501A1CA1F6005A48B8 /* Build configuration list for PBXProject "WatchKitExample" */ = {
			isa = XCConfigurationList;
			buildConfigurations = (
				A1992C721A1CA1F6005A48B8 /* Debug */,
				A1992C731A1CA1F6005A48B8 /* Release */,
			);
			defaultConfigurationIsVisible = 0;
			defaultConfigurationName = Release;
		};
		A1992C741A1CA1F6005A48B8 /* Build configuration list for PBXNativeTarget "WatchKitExample" */ = {
			isa = XCConfigurationList;
			buildConfigurations = (
				A1992C751A1CA1F6005A48B8 /* Debug */,
				A1992C761A1CA1F6005A48B8 /* Release */,
			);
			defaultConfigurationIsVisible = 0;
			defaultConfigurationName = Release;
		};
		A1992C991A1CA20F005A48B8 /* Build configuration list for PBXNativeTarget "WatchKitExample Watch App" */ = {
			isa = XCConfigurationList;
			buildConfigurations = (
				A1992C9A1A1CA20F005A48B8 /* Debug */,
				A1992C9B1A1CA20F005A48B8 /* Release */,
			);
			defaultConfigurationIsVisible = 0;
			defaultConfigurationName = Release;
		};
		A1992C9C1A1CA20F005A48B8 /* Build configuration list for PBXNativeTarget "WatchKitExample WatchKit Extension" */ = {
			isa = XCConfigurationList;
			buildConfigurations = (
				A1992C9D1A1CA20F005A48B8 /* Debug */,
				A1992C9E1A1CA20F005A48B8 /* Release */,
			);
			defaultConfigurationIsVisible = 0;
			defaultConfigurationName = Release;
		};
/* End XCConfigurationList section */
	};
	rootObject = A1992C4D1A1CA1F6005A48B8 /* Project object */;
}
